
Microsoft Visual Studio Solution File, Format Version 12.00
# Visual Studio Version 17
VisualStudioVersion = 17.7.34024.191
MinimumVisualStudioVersion = 10.0.40219.1
Project("{FAE04EC0-301F-11D3-BF4B-00C04F79EFBC}") = "OrganizationManagement", "OrganizationManagement\OrganizationManagement.csproj", "{3978A25D-652F-4C8A-B313-4FB559AA2A9B}"
EndProject
Project("{FAE04EC0-301F-11D3-BF4B-00C04F79EFBC}") = "DatabaseLibrary", "DatabaseLibrary\DatabaseLibrary.csproj", "{03CD9615-0ED4-4329-9601-7B9268BAC51E}"
EndProject
Global
	GlobalSection(SolutionConfigurationPlatforms) = preSolution
		Debug|Any CPU = Debug|Any CPU
		Release|Any CPU = Release|Any CPU
	EndGlobalSection
	GlobalSection(ProjectConfigurationPlatforms) = postSolution
		{3978A25D-652F-4C8A-B313-4FB559AA2A9B}.Debug|Any CPU.ActiveCfg = Debug|Any CPU
		{3978A25D-652F-4C8A-B313-4FB559AA2A9B}.Debug|Any CPU.Build.0 = Debug|Any CPU
		{3978A25D-652F-4C8A-B313-4FB559AA2A9B}.Release|Any CPU.ActiveCfg = Release|Any CPU
		{3978A25D-652F-4C8A-B313-4FB559AA2A9B}.Release|Any CPU.Build.0 = Release|Any CPU
		{03CD9615-0ED4-4329-9601-7B9268BAC51E}.Debug|Any CPU.ActiveCfg = Debug|Any CPU
		{03CD9615-0ED4-4329-9601-7B9268BAC51E}.Debug|Any CPU.Build.0 = Debug|Any CPU
		{03CD9615-0ED4-4329-9601-7B9268BAC51E}.Release|Any CPU.ActiveCfg = Release|Any CPU
		{03CD9615-0ED4-4329-9601-7B9268BAC51E}.Release|Any CPU.Build.0 = Release|Any CPU
	EndGlobalSection
	GlobalSection(SolutionProperties) = preSolution
		HideSolutionNode = FALSE
	EndGlobalSection
	GlobalSection(ExtensibilityGlobals) = postSolution
		SolutionGuid = {FDB086EC-499F-463B-99D9-D4E524579EBE}
	EndGlobalSection
EndGlobal
